// !$*UTF8*$!
{
	archiveVersion = 1;
	classes = {
	};
	objectVersion = 50;
	objects = {

/* Begin PBXBuildFile section */
		187A89C722DF8A0100C314DD /* AppDelegate.swift in Sources */ = {isa = PBXBuildFile; fileRef = 187A89C622DF8A0100C314DD /* AppDelegate.swift */; };
		187A89C922DF8A0100C314DD /* ViewController.swift in Sources */ = {isa = PBXBuildFile; fileRef = 187A89C822DF8A0100C314DD /* ViewController.swift */; };
		187A89CC22DF8A0100C314DD /* Main.storyboard in Resources */ = {isa = PBXBuildFile; fileRef = 187A89CA22DF8A0100C314DD /* Main.storyboard */; };
		187A89CF22DF8A0100C314DD /* anim84kids.xcdatamodeld in Sources */ = {isa = PBXBuildFile; fileRef = 187A89CD22DF8A0100C314DD /* anim84kids.xcdatamodeld */; };
		187A89D122DF8A0300C314DD /* Assets.xcassets in Resources */ = {isa = PBXBuildFile; fileRef = 187A89D022DF8A0300C314DD /* Assets.xcassets */; };
		187A89D422DF8A0300C314DD /* LaunchScreen.storyboard in Resources */ = {isa = PBXBuildFile; fileRef = 187A89D222DF8A0300C314DD /* LaunchScreen.storyboard */; };
		187A89FD22DFA25400C314DD /* animationViewController.swift in Sources */ = {isa = PBXBuildFile; fileRef = 187A89FC22DFA25400C314DD /* animationViewController.swift */; };
/* End PBXBuildFile section */

/* Begin PBXFileReference section */
		187A89C322DF8A0100C314DD /* anim84kids.app */ = {isa = PBXFileReference; explicitFileType = wrapper.application; includeInIndex = 0; path = anim84kids.app; sourceTree = BUILT_PRODUCTS_DIR; };
		187A89C622DF8A0100C314DD /* AppDelegate.swift */ = {isa = PBXFileReference; lastKnownFileType = sourcecode.swift; path = AppDelegate.swift; sourceTree = "<group>"; };
		187A89C822DF8A0100C314DD /* ViewController.swift */ = {isa = PBXFileReference; lastKnownFileType = sourcecode.swift; path = ViewController.swift; sourceTree = "<group>"; };
		187A89CB22DF8A0100C314DD /* Base */ = {isa = PBXFileReference; lastKnownFileType = file.storyboard; name = Base; path = Base.lproj/Main.storyboard; sourceTree = "<group>"; };
		187A89CE22DF8A0100C314DD /* anim84kids.xcdatamodel */ = {isa = PBXFileReference; lastKnownFileType = wrapper.xcdatamodel; path = anim84kids.xcdatamodel; sourceTree = "<group>"; };
		187A89D022DF8A0300C314DD /* Assets.xcassets */ = {isa = PBXFileReference; lastKnownFileType = folder.assetcatalog; path = Assets.xcassets; sourceTree = "<group>"; };
		187A89D322DF8A0300C314DD /* Base */ = {isa = PBXFileReference; lastKnownFileType = file.storyboard; name = Base; path = Base.lproj/LaunchScreen.storyboard; sourceTree = "<group>"; };
		187A89D522DF8A0300C314DD /* Info.plist */ = {isa = PBXFileReference; lastKnownFileType = text.plist.xml; path = Info.plist; sourceTree = "<group>"; };
		187A89FC22DFA25400C314DD /* animationViewController.swift */ = {isa = PBXFileReference; lastKnownFileType = sourcecode.swift; path = animationViewController.swift; sourceTree = "<group>"; };
/* End PBXFileReference section */

/* Begin PBXFrameworksBuildPhase section */
		187A89C022DF8A0100C314DD /* Frameworks */ = {
			isa = PBXFrameworksBuildPhase;
			buildActionMask = 2147483647;
			files = (
			);
			runOnlyForDeploymentPostprocessing = 0;
		};
/* End PBXFrameworksBuildPhase section */

/* Begin PBXGroup section */
		187A89BA22DF8A0100C314DD = {
			isa = PBXGroup;
			children = (
				187A89C522DF8A0100C314DD /* anim84kids */,
				187A89C422DF8A0100C314DD /* Products */,
			);
			sourceTree = "<group>";
		};
		187A89C422DF8A0100C314DD /* Products */ = {
			isa = PBXGroup;
			children = (
				187A89C322DF8A0100C314DD /* anim84kids.app */,
			);
			name = Products;
			sourceTree = "<group>";
		};
		187A89C522DF8A0100C314DD /* anim84kids */ = {
			isa = PBXGroup;
			children = (
				187A89C622DF8A0100C314DD /* AppDelegate.swift */,
				187A89C822DF8A0100C314DD /* ViewController.swift */,
				187A89FC22DFA25400C314DD /* animationViewController.swift */,
				187A89CA22DF8A0100C314DD /* Main.storyboard */,
				187A89D022DF8A0300C314DD /* Assets.xcassets */,
				187A89D222DF8A0300C314DD /* LaunchScreen.storyboard */,
				187A89D522DF8A0300C314DD /* Info.plist */,
				187A89CD22DF8A0100C314DD /* anim84kids.xcdatamodeld */,
			);
			path = anim84kids;
			sourceTree = "<group>";
		};
/* End PBXGroup section */

/* Begin PBXNativeTarget section */
		187A89C222DF8A0100C314DD /* anim84kids */ = {
			isa = PBXNativeTarget;
			buildConfigurationList = 187A89D822DF8A0300C314DD /* Build configuration list for PBXNativeTarget "anim84kids" */;
			buildPhases = (
				187A89BF22DF8A0100C314DD /* Sources */,
				187A89C022DF8A0100C314DD /* Frameworks */,
				187A89C122DF8A0100C314DD /* Resources */,
			);
			buildRules = (
			);
			dependencies = (
			);
			name = anim84kids;
			productName = anim84kids;
			productReference = 187A89C322DF8A0100C314DD /* anim84kids.app */;
			productType = "com.apple.product-type.application";
		};
/* End PBXNativeTarget section */

/* Begin PBXProject section */
		187A89BB22DF8A0100C314DD /* Project object */ = {
			isa = PBXProject;
			attributes = {
				LastSwiftUpdateCheck = 1020;
				LastUpgradeCheck = 1020;
				ORGANIZATIONNAME = Apple;
				TargetAttributes = {
					187A89C222DF8A0100C314DD = {
						CreatedOnToolsVersion = 10.2.1;
					};
				};
			};
			buildConfigurationList = 187A89BE22DF8A0100C314DD /* Build configuration list for PBXProject "anim84kids" */;
			compatibilityVersion = "Xcode 9.3";
			developmentRegion = en;
			hasScannedForEncodings = 0;
			knownRegions = (
				en,
				Base,
			);
			mainGroup = 187A89BA22DF8A0100C314DD;
			productRefGroup = 187A89C422DF8A0100C314DD /* Products */;
			projectDirPath = "";
			projectRoot = "";
			targets = (
				187A89C222DF8A0100C314DD /* anim84kids */,
			);
		};
/* End PBXProject section */

/* Begin PBXResourcesBuildPhase section */
		187A89C122DF8A0100C314DD /* Resources */ = {
			isa = PBXResourcesBuildPhase;
			buildActionMask = 2147483647;
			files = (
				187A89D422DF8A0300C314DD /* LaunchScreen.storyboard in Resources */,
				187A89D122DF8A0300C314DD /* Assets.xcassets in Resources */,
				187A89CC22DF8A0100C314DD /* Main.storyboard in Resources */,
			);
			runOnlyForDeploymentPostprocessing = 0;
		};
/* End PBXResourcesBuildPhase section */

/* Begin PBXSourcesBuildPhase section */
		187A89BF22DF8A0100C314DD /* Sources */ = {
			isa = PBXSourcesBuildPhase;
			buildActionMask = 2147483647;
			files = (
				187A89C922DF8A0100C314DD /* ViewController.swift in Sources */,
				187A89C722DF8A0100C314DD /* AppDelegate.swift in Sources */,
				187A89CF22DF8A0100C314DD /* anim84kids.xcdatamodeld in Sources */,
				187A89FD22DFA25400C314DD /* animationViewController.swift in Sources */,
			);
			runOnlyForDeploymentPostprocessing = 0;
		};
/* End PBXSourcesBuildPhase section */

/* Begin PBXVariantGroup section */
		187A89CA22DF8A0100C314DD /* Main.storyboard */ = {
			isa = PBXVariantGroup;
			children = (
				187A89CB22DF8A0100C314DD /* Base */,
			);
			name = Main.storyboard;
			sourceTree = "<group>";
		};
		187A89D222DF8A0300C314DD /* LaunchScreen.storyboard */ = {
			isa = PBXVariantGroup;
			children = (
				187A89D322DF8A0300C314DD /* Base */,
			);
			name = LaunchScreen.storyboard;
			sourceTree = "<group>";
		};
/* End PBXVariantGroup section */

/* Begin XCBuildConfiguration section */
		187A89D622DF8A0300C314DD /* Debug */ = {
			isa = XCBuildConfiguration;
			buildSettings = {
				ALWAYS_SEARCH_USER_PATHS = NO;
				CLANG_ANALYZER_NONNULL = YES;
				CLANG_ANALYZER_NUMBER_OBJECT_CONVERSION = YES_AGGRESSIVE;
				CLANG_CXX_LANGUAGE_STANDARD = "gnu++14";
				CLANG_CXX_LIBRARY = "libc++";
				CLANG_ENABLE_MODULES = YES;
				CLANG_ENABLE_OBJC_ARC = YES;
				CLANG_ENABLE_OBJC_WEAK = YES;
				CLANG_WARN_BLOCK_CAPTURE_AUTORELEASING = YES;
				CLANG_WARN_BOOL_CONVERSION = YES;
				CLANG_WARN_COMMA = YES;
				CLANG_WARN_CONSTANT_CONVERSION = YES;
				CLANG_WARN_DEPRECATED_OBJC_IMPLEMENTATIONS = YES;
				CLANG_WARN_DIRECT_OBJC_ISA_USAGE = YES_ERROR;
				CLANG_WARN_DOCUMENTATION_COMMENTS = YES;
				CLANG_WARN_EMPTY_BODY = YES;
				CLANG_WARN_ENUM_CONVERSION = YES;
				CLANG_WARN_INFINITE_RECURSION = YES;
				CLANG_WARN_INT_CONVERSION = YES;
				CLANG_WARN_NON_LITERAL_NULL_CONVERSION = YES;
				CLANG_WARN_OBJC_IMPLICIT_RETAIN_SELF = YES;
				CLANG_WARN_OBJC_LITERAL_CONVERSION = YES;
				CLANG_WARN_OBJC_ROOT_CLASS = YES_ERROR;
				CLANG_WARN_RANGE_LOOP_ANALYSIS = YES;
				CLANG_WARN_STRICT_PROTOTYPES = YES;
				CLANG_WARN_SUSPICIOUS_MOVE = YES;
				CLANG_WARN_UNGUARDED_AVAILABILITY = YES_AGGRESSIVE;
				CLANG_WARN_UNREACHABLE_CODE = YES;
				CLANG_WARN__DUPLICATE_METHOD_MATCH = YES;
				CODE_SIGN_IDENTITY = "iPhone Developer";
				COPY_PHASE_STRIP = NO;
				DEBUG_INFORMATION_FORMAT = dwarf;
				ENABLE_STRICT_OBJC_MSGSEND = YES;
				ENABLE_TESTABILITY = YES;
				GCC_C_LANGUAGE_STANDARD = gnu11;
				GCC_DYNAMIC_NO_PIC = NO;
				GCC_NO_COMMON_BLOCKS = YES;
				GCC_OPTIMIZATION_LEVEL = 0;
				GCC_PREPROCESSOR_DEFINITIONS = (
					"DEBUG=1",
					"$(inherited)",
				);
				GCC_WARN_64_TO_32_BIT_CONVERSION = YES;
				GCC_WARN_ABOUT_RETURN_TYPE = YES_ERROR;
				GCC_WARN_UNDECLARED_SELECTOR = YES;
				GCC_WARN_UNINITIALIZED_AUTOS = YES_AGGRESSIVE;
				GCC_WARN_UNUSED_FUNCTION = YES;
				GCC_WARN_UNUSED_VARIABLE = YES;
				IPHONEOS_DEPLOYMENT_TARGET = 12.2;
				MTL_ENABLE_DEBUG_INFO = INCLUDE_SOURCE;
				MTL_FAST_MATH = YES;
				ONLY_ACTIVE_ARCH = YES;
				SDKROOT = iphoneos;
				SWIFT_ACTIVE_COMPILATION_CONDITIONS = DEBUG;
				SWIFT_OPTIMIZATION_LEVEL = "-Onone";
			};
			name = Debug;
		};
		187A89D722DF8A0300C314DD /* Release */ = {
			isa = XCBuildConfiguration;
			buildSettings = {
				ALWAYS_SEARCH_USER_PATHS = NO;
				CLANG_ANALYZER_NONNULL = YES;
				CLANG_ANALYZER_NUMBER_OBJECT_CONVERSION = YES_AGGRESSIVE;
				CLANG_CXX_LANGUAGE_STANDARD = "gnu++14";
				CLANG_CXX_LIBRARY = "libc++";
				CLANG_ENABLE_MODULES = YES;
				CLANG_ENABLE_OBJC_ARC = YES;
				CLANG_ENABLE_OBJC_WEAK = YES;
				CLANG_WARN_BLOCK_CAPTURE_AUTORELEASING = YES;
				CLANG_WARN_BOOL_CONVERSION = YES;
				CLANG_WARN_COMMA = YES;
				CLANG_WARN_CONSTANT_CONVERSION = YES;
				CLANG_WARN_DEPRECATED_OBJC_IMPLEMENTATIONS = YES;
				CLANG_WARN_DIRECT_OBJC_ISA_USAGE = YES_ERROR;
				CLANG_WARN_DOCUMENTATION_COMMENTS = YES;
				CLANG_WARN_EMPTY_BODY = YES;
				CLANG_WARN_ENUM_CONVERSION = YES;
				CLANG_WARN_INFINITE_RECURSION = YES;
				CLANG_WARN_INT_CONVERSION = YES;
				CLANG_WARN_NON_LITERAL_NULL_CONVERSION = YES;
				CLANG_WARN_OBJC_IMPLICIT_RETAIN_SELF = YES;
				CLANG_WARN_OBJC_LITERAL_CONVERSION = YES;
				CLANG_WARN_OBJC_ROOT_CLASS = YES_ERROR;
				CLANG_WARN_RANGE_LOOP_ANALYSIS = YES;
				CLANG_WARN_STRICT_PROTOTYPES = YES;
				CLANG_WARN_SUSPICIOUS_MOVE = YES;
				CLANG_WARN_UNGUARDED_AVAILABILITY = YES_AGGRESSIVE;
				CLANG_WARN_UNREACHABLE_CODE = YES;
				CLANG_WARN__DUPLICATE_METHOD_MATCH = YES;
				CODE_SIGN_IDENTITY = "iPhone Developer";
				COPY_PHASE_STRIP = NO;
				DEBUG_INFORMATION_FORMAT = "dwarf-with-dsym";
				ENABLE_NS_ASSERTIONS = NO;
				ENABLE_STRICT_OBJC_MSGSEND = YES;
				GCC_C_LANGUAGE_STANDARD = gnu11;
				GCC_NO_COMMON_BLOCKS = YES;
				GCC_WARN_64_TO_32_BIT_CONVERSION = YES;
				GCC_WARN_ABOUT_RETURN_TYPE = YES_ERROR;
				GCC_WARN_UNDECLARED_SELECTOR = YES;
				GCC_WARN_UNINITIALIZED_AUTOS = YES_AGGRESSIVE;
				GCC_WARN_UNUSED_FUNCTION = YES;
				GCC_WARN_UNUSED_VARIABLE = YES;
				IPHONEOS_DEPLOYMENT_TARGET = 12.2;
				MTL_ENABLE_DEBUG_INFO = NO;
				MTL_FAST_MATH = YES;
				SDKROOT = iphoneos;
				SWIFT_COMPILATION_MODE = wholemodule;
				SWIFT_OPTIMIZATION_LEVEL = "-O";
				VALIDATE_PRODUCT = YES;
			};
			name = Release;
		};
		187A89D922DF8A0300C314DD /* Debug */ = {
			isa = XCBuildConfiguration;
			buildSettings = {
				ASSETCATALOG_COMPILER_APPICON_NAME = AppIcon;
				CODE_SIGN_STYLE = Automatic;
				INFOPLIST_FILE = anim84kids/Info.plist;
				LD_RUNPATH_SEARCH_PATHS = (
					"$(inherited)",
					"@executable_path/Frameworks",
				);
				PRODUCT_BUNDLE_IDENTIFIER = Michelle.anim84kids;
				PRODUCT_NAME = "$(TARGET_NAME)";
				SWIFT_VERSION = 5.0;
				TARGETED_DEVICE_FAMILY = "1,2";
			};
			name = Debug;
		};
		187A89DA22DF8A0300C314DD /* Release */ = {
			isa = XCBuildConfiguration;
			buildSettings = {
				ASSETCATALOG_COMPILER_APPICON_NAME = AppIcon;
				CODE_SIGN_STYLE = Automatic;
				INFOPLIST_FILE = anim84kids/Info.plist;
				LD_RUNPATH_SEARCH_PATHS = (
					"$(inherited)",
					"@executable_path/Frameworks",
				);
				PRODUCT_BUNDLE_IDENTIFIER = Michelle.anim84kids;
				PRODUCT_NAME = "$(TARGET_NAME)";
				SWIFT_VERSION = 5.0;
				TARGETED_DEVICE_FAMILY = "1,2";
			};
			name = Release;
		};
/* End XCBuildConfiguration section */

/* Begin XCConfigurationList section */
		187A89BE22DF8A0100C314DD /* Build configuration list for PBXProject "anim84kids" */ = {
			isa = XCConfigurationList;
			buildConfigurations = (
				187A89D622DF8A0300C314DD /* Debug */,
				187A89D722DF8A0300C314DD /* Release */,
			);
			defaultConfigurationIsVisible = 0;
			defaultConfigurationName = Release;
		};
		187A89D822DF8A0300C314DD /* Build configuration list for PBXNativeTarget "anim84kids" */ = {
			isa = XCConfigurationList;
			buildConfigurations = (
				187A89D922DF8A0300C314DD /* Debug */,
				187A89DA22DF8A0300C314DD /* Release */,
			);
			defaultConfigurationIsVisible = 0;
			defaultConfigurationName = Release;
		};
/* End XCConfigurationList section */

/* Begin XCVersionGroup section */
		187A89CD22DF8A0100C314DD /* anim84kids.xcdatamodeld */ = {
			isa = XCVersionGroup;
			children = (
				187A89CE22DF8A0100C314DD /* anim84kids.xcdatamodel */,
			);
			currentVersion = 187A89CE22DF8A0100C314DD /* anim84kids.xcdatamodel */;
			path = anim84kids.xcdatamodeld;
			sourceTree = "<group>";
			versionGroupType = wrapper.xcdatamodel;
		};
/* End XCVersionGroup section */
	};
	rootObject = 187A89BB22DF8A0100C314DD /* Project object */;
}
